
Microsoft Visual Studio Solution File, Format Version 12.00
# Visual Studio 15
VisualStudioVersion = 15.0.26228.4
MinimumVisualStudioVersion = 10.0.40219.1
Project("{FAE04EC0-301F-11D3-BF4B-00C04F79EFBC}") = "Zao.CrsPlat.Core", "Zao.CrsPlat.Core\Zao.CrsPlat.Core.csproj", "{FC552812-17A4-4DD8-86B4-DFE0084D64FA}"
EndProject
Project("{2150E333-8FDC-42A3-9474-1A3956D46DE8}") = "Core", "Core", "{BDFE2F06-53D9-4DC9-9987-14A36990D56A}"
EndProject
Project("{2150E333-8FDC-42A3-9474-1A3956D46DE8}") = "Exe", "Exe", "{8EF9E149-259A-4369-92F8-16C5C2A57C79}"
EndProject
Project("{2150E333-8FDC-42A3-9474-1A3956D46DE8}") = "Online", "Online", "{9F32F216-01C3-4AC9-BD80-EAD0176248E6}"
EndProject
Project("{FAE04EC0-301F-11D3-BF4B-00C04F79EFBC}") = "Zao.CrsPlat.Model", "Zao.CrsPlat.Model\Zao.CrsPlat.Model.csproj", "{6985918D-A777-4F5D-845B-7287EEA3A396}"
EndProject
Project("{FAE04EC0-301F-11D3-BF4B-00C04F79EFBC}") = "Zao.CrsPlat.Util", "Zao.CrsPlat.Util\Zao.CrsPlat.Util.csproj", "{87DDA2C8-F9E7-46C4-B8C2-FEC4A76FE552}"
EndProject
Project("{FAE04EC0-301F-11D3-BF4B-00C04F79EFBC}") = "Zao.CrsPlat.Data", "Zao.CrsPlat.Data\Zao.CrsPlat.Data.csproj", "{8EC1F00A-9228-4A73-AD7B-DB25B4BE4839}"
EndProject
Project("{2150E333-8FDC-42A3-9474-1A3956D46DE8}") = "ControlBox", "ControlBox", "{E16B3959-8B88-4FB8-992E-BC4FF306DD6B}"
EndProject
Project("{2150E333-8FDC-42A3-9474-1A3956D46DE8}") = "Web", "Web", "{CA194465-4EAE-4117-9BAA-493C23BA9536}"
EndProject
Project("{FAE04EC0-301F-11D3-BF4B-00C04F79EFBC}") = "Zao.CrsPlat.UserControl", "..\Zao.CrsPlat.ControlBox\Zao.CrsPlat.UserControl\Zao.CrsPlat.UserControl.csproj", "{74124E21-A6A3-4E54-B97E-99F9E9019C62}"
EndProject
Project("{FAE04EC0-301F-11D3-BF4B-00C04F79EFBC}") = "Zao.CrsPlat.WinForm", "..\Zao.CrsPlat.Exe\Zao.CrsPlat.WinForm\Zao.CrsPlat.WinForm.csproj", "{3B254C5E-4984-48F1-B916-89C9B4EB3342}"
EndProject
Project("{FAE04EC0-301F-11D3-BF4B-00C04F79EFBC}") = "Zao.CrsPlat.Wpf", "..\Zao.CrsPlat.Exe\Zao.CrsPlat.Wpf\Zao.CrsPlat.Wpf.csproj", "{CABC1413-1634-4B8E-B868-9BE501B64E15}"
EndProject
Project("{FAE04EC0-301F-11D3-BF4B-00C04F79EFBC}") = "Zao.CrsPlat.Mvc", "..\Zao.CrsPlat.Web\Zao.CrsPlat.Mvc\Zao.CrsPlat.Mvc.csproj", "{2180590E-F890-459B-BF50-52B10F10D1F4}"
EndProject
Project("{FAE04EC0-301F-11D3-BF4B-00C04F79EFBC}") = "Zao.CrsPlat.WebForm", "..\Zao.CrsPlat.Web\Zao.CrsPlat.WebForm\Zao.CrsPlat.WebForm.csproj", "{4B214CC7-FB0E-4D38-94AA-C6159086D030}"
EndProject
Project("{FAE04EC0-301F-11D3-BF4B-00C04F79EFBC}") = "Zao.CrsPlat.dotNetCoreMvc", "..\Zao.CrsPlat.Web\Zao.CrsPlat.dotNetCoreMvc\Zao.CrsPlat.dotNetCoreMvc.csproj", "{999B32F0-D2D9-4467-920C-8B1E8B48FD47}"
EndProject
Project("{E53339B2-1760-4266-BCC7-CA923CBCF16C}") = "docker-compose", "docker-compose.dcproj", "{9CF5ED16-3D56-4FE4-B521-28E671C1F92E}"
EndProject
Project("{FAE04EC0-301F-11D3-BF4B-00C04F79EFBC}") = "Zao.CrsPlat.DevExpressHelper", "..\Zao.CrsPlat.ControlBox\Zao.CrsPlat.DevExpressHelper\Zao.CrsPlat.DevExpressHelper.csproj", "{16ACCD91-71A9-4A14-A58D-4F17C6C07FF0}"
EndProject
Global
	GlobalSection(SolutionConfigurationPlatforms) = preSolution
		Debug|Any CPU = Debug|Any CPU
		Release|Any CPU = Release|Any CPU
	EndGlobalSection
	GlobalSection(ProjectConfigurationPlatforms) = postSolution
		{FC552812-17A4-4DD8-86B4-DFE0084D64FA}.Debug|Any CPU.ActiveCfg = Debug|Any CPU
		{FC552812-17A4-4DD8-86B4-DFE0084D64FA}.Debug|Any CPU.Build.0 = Debug|Any CPU
		{FC552812-17A4-4DD8-86B4-DFE0084D64FA}.Release|Any CPU.ActiveCfg = Release|Any CPU
		{FC552812-17A4-4DD8-86B4-DFE0084D64FA}.Release|Any CPU.Build.0 = Release|Any CPU
		{6985918D-A777-4F5D-845B-7287EEA3A396}.Debug|Any CPU.ActiveCfg = Debug|Any CPU
		{6985918D-A777-4F5D-845B-7287EEA3A396}.Debug|Any CPU.Build.0 = Debug|Any CPU
		{6985918D-A777-4F5D-845B-7287EEA3A396}.Release|Any CPU.ActiveCfg = Release|Any CPU
		{6985918D-A777-4F5D-845B-7287EEA3A396}.Release|Any CPU.Build.0 = Release|Any CPU
		{87DDA2C8-F9E7-46C4-B8C2-FEC4A76FE552}.Debug|Any CPU.ActiveCfg = Debug|Any CPU
		{87DDA2C8-F9E7-46C4-B8C2-FEC4A76FE552}.Debug|Any CPU.Build.0 = Debug|Any CPU
		{87DDA2C8-F9E7-46C4-B8C2-FEC4A76FE552}.Release|Any CPU.ActiveCfg = Release|Any CPU
		{87DDA2C8-F9E7-46C4-B8C2-FEC4A76FE552}.Release|Any CPU.Build.0 = Release|Any CPU
		{8EC1F00A-9228-4A73-AD7B-DB25B4BE4839}.Debug|Any CPU.ActiveCfg = Debug|Any CPU
		{8EC1F00A-9228-4A73-AD7B-DB25B4BE4839}.Debug|Any CPU.Build.0 = Debug|Any CPU
		{8EC1F00A-9228-4A73-AD7B-DB25B4BE4839}.Release|Any CPU.ActiveCfg = Release|Any CPU
		{8EC1F00A-9228-4A73-AD7B-DB25B4BE4839}.Release|Any CPU.Build.0 = Release|Any CPU
		{74124E21-A6A3-4E54-B97E-99F9E9019C62}.Debug|Any CPU.ActiveCfg = Debug|Any CPU
		{74124E21-A6A3-4E54-B97E-99F9E9019C62}.Debug|Any CPU.Build.0 = Debug|Any CPU
		{74124E21-A6A3-4E54-B97E-99F9E9019C62}.Release|Any CPU.ActiveCfg = Release|Any CPU
		{74124E21-A6A3-4E54-B97E-99F9E9019C62}.Release|Any CPU.Build.0 = Release|Any CPU
		{3B254C5E-4984-48F1-B916-89C9B4EB3342}.Debug|Any CPU.ActiveCfg = Debug|Any CPU
		{3B254C5E-4984-48F1-B916-89C9B4EB3342}.Debug|Any CPU.Build.0 = Debug|Any CPU
		{3B254C5E-4984-48F1-B916-89C9B4EB3342}.Release|Any CPU.ActiveCfg = Release|Any CPU
		{3B254C5E-4984-48F1-B916-89C9B4EB3342}.Release|Any CPU.Build.0 = Release|Any CPU
		{CABC1413-1634-4B8E-B868-9BE501B64E15}.Debug|Any CPU.ActiveCfg = Debug|Any CPU
		{CABC1413-1634-4B8E-B868-9BE501B64E15}.Debug|Any CPU.Build.0 = Debug|Any CPU
		{CABC1413-1634-4B8E-B868-9BE501B64E15}.Release|Any CPU.ActiveCfg = Release|Any CPU
		{CABC1413-1634-4B8E-B868-9BE501B64E15}.Release|Any CPU.Build.0 = Release|Any CPU
		{2180590E-F890-459B-BF50-52B10F10D1F4}.Debug|Any CPU.ActiveCfg = Debug|Any CPU
		{2180590E-F890-459B-BF50-52B10F10D1F4}.Debug|Any CPU.Build.0 = Debug|Any CPU
		{2180590E-F890-459B-BF50-52B10F10D1F4}.Release|Any CPU.ActiveCfg = Release|Any CPU
		{2180590E-F890-459B-BF50-52B10F10D1F4}.Release|Any CPU.Build.0 = Release|Any CPU
		{4B214CC7-FB0E-4D38-94AA-C6159086D030}.Debug|Any CPU.ActiveCfg = Debug|Any CPU
		{4B214CC7-FB0E-4D38-94AA-C6159086D030}.Debug|Any CPU.Build.0 = Debug|Any CPU
		{4B214CC7-FB0E-4D38-94AA-C6159086D030}.Release|Any CPU.ActiveCfg = Release|Any CPU
		{4B214CC7-FB0E-4D38-94AA-C6159086D030}.Release|Any CPU.Build.0 = Release|Any CPU
		{999B32F0-D2D9-4467-920C-8B1E8B48FD47}.Debug|Any CPU.ActiveCfg = Debug|Any CPU
		{999B32F0-D2D9-4467-920C-8B1E8B48FD47}.Debug|Any CPU.Build.0 = Debug|Any CPU
		{999B32F0-D2D9-4467-920C-8B1E8B48FD47}.Release|Any CPU.ActiveCfg = Release|Any CPU
		{999B32F0-D2D9-4467-920C-8B1E8B48FD47}.Release|Any CPU.Build.0 = Release|Any CPU
		{9CF5ED16-3D56-4FE4-B521-28E671C1F92E}.Debug|Any CPU.ActiveCfg = Debug|Any CPU
		{9CF5ED16-3D56-4FE4-B521-28E671C1F92E}.Debug|Any CPU.Build.0 = Debug|Any CPU
		{9CF5ED16-3D56-4FE4-B521-28E671C1F92E}.Release|Any CPU.ActiveCfg = Release|Any CPU
		{9CF5ED16-3D56-4FE4-B521-28E671C1F92E}.Release|Any CPU.Build.0 = Release|Any CPU
		{16ACCD91-71A9-4A14-A58D-4F17C6C07FF0}.Debug|Any CPU.ActiveCfg = Debug|Any CPU
		{16ACCD91-71A9-4A14-A58D-4F17C6C07FF0}.Debug|Any CPU.Build.0 = Debug|Any CPU
		{16ACCD91-71A9-4A14-A58D-4F17C6C07FF0}.Release|Any CPU.ActiveCfg = Release|Any CPU
		{16ACCD91-71A9-4A14-A58D-4F17C6C07FF0}.Release|Any CPU.Build.0 = Release|Any CPU
	EndGlobalSection
	GlobalSection(SolutionProperties) = preSolution
		HideSolutionNode = FALSE
	EndGlobalSection
	GlobalSection(NestedProjects) = preSolution
		{FC552812-17A4-4DD8-86B4-DFE0084D64FA} = {BDFE2F06-53D9-4DC9-9987-14A36990D56A}
		{6985918D-A777-4F5D-845B-7287EEA3A396} = {BDFE2F06-53D9-4DC9-9987-14A36990D56A}
		{87DDA2C8-F9E7-46C4-B8C2-FEC4A76FE552} = {BDFE2F06-53D9-4DC9-9987-14A36990D56A}
		{8EC1F00A-9228-4A73-AD7B-DB25B4BE4839} = {BDFE2F06-53D9-4DC9-9987-14A36990D56A}
		{74124E21-A6A3-4E54-B97E-99F9E9019C62} = {E16B3959-8B88-4FB8-992E-BC4FF306DD6B}
		{3B254C5E-4984-48F1-B916-89C9B4EB3342} = {8EF9E149-259A-4369-92F8-16C5C2A57C79}
		{CABC1413-1634-4B8E-B868-9BE501B64E15} = {8EF9E149-259A-4369-92F8-16C5C2A57C79}
		{2180590E-F890-459B-BF50-52B10F10D1F4} = {CA194465-4EAE-4117-9BAA-493C23BA9536}
		{4B214CC7-FB0E-4D38-94AA-C6159086D030} = {CA194465-4EAE-4117-9BAA-493C23BA9536}
		{999B32F0-D2D9-4467-920C-8B1E8B48FD47} = {CA194465-4EAE-4117-9BAA-493C23BA9536}
		{9CF5ED16-3D56-4FE4-B521-28E671C1F92E} = {CA194465-4EAE-4117-9BAA-493C23BA9536}
		{16ACCD91-71A9-4A14-A58D-4F17C6C07FF0} = {E16B3959-8B88-4FB8-992E-BC4FF306DD6B}
	EndGlobalSection
EndGlobal
